// !$*UTF8*$!
{
	archiveVersion = 1;
	classes = {
	};
	objectVersion = 46;
	objects = {

/* Begin PBXBuildFile section */
		0207DA581B56EA530066E2B4 /* Images.xcassets in Resources */ = {isa = PBXBuildFile; fileRef = 0207DA571B56EA530066E2B4 /* Images.xcassets */; };
		081C141A7D534D62ADC7E5A7 /* GCDWebServerFileRequest.m in Sources */ = {isa = PBXBuildFile; fileRef = BDE3DCF0DC8B40489F69E90A /* GCDWebServerFileRequest.m */; };
		12F4727D30B94BEF91DC4A55 /* CDVSplashScreen.m in Sources */ = {isa = PBXBuildFile; fileRef = DF3E85C229DE48159041188D /* CDVSplashScreen.m */; };
		1BEB9073DA6F4200B942B04C /* APPLocalNotification.m in Sources */ = {isa = PBXBuildFile; fileRef = 53EE4CB0BB1343EAA8837A6C /* APPLocalNotification.m */; };
		1D3623260D0F684500981E51 /* AppDelegate.m in Sources */ = {isa = PBXBuildFile; fileRef = 1D3623250D0F684500981E51 /* AppDelegate.m */; };
		1D60589B0D05DD56006BFB54 /* main.m in Sources */ = {isa = PBXBuildFile; fileRef = 29B97316FDCFA39411CA2CEA /* main.m */; };
		1F243F6DB3A9410280329333 /* Contacts.framework in Frameworks */ = {isa = PBXBuildFile; fileRef = 0BD5F087319C4516AC7F9554 /* Contacts.framework */; };
		2356ABB4BC9C46D88E4E50F2 /* GCDWebServerRequest.m in Sources */ = {isa = PBXBuildFile; fileRef = A80AABB2D4174840935E3894 /* GCDWebServerRequest.m */; };
		2B734C9062FF42AEB3BB9A24 /* GCDWebServerDataResponse.m in Sources */ = {isa = PBXBuildFile; fileRef = 31D690FFE881469C83E4D272 /* GCDWebServerDataResponse.m */; };
		2C64D9DCC74C42B28804E997 /* appbeep.wav in Resources */ = {isa = PBXBuildFile; fileRef = 06BEE5499B094C5B872EBD7C /* appbeep.wav */; };
		2F835D801DC24AD1BF5D39FB /* libz.tbd in Frameworks */ = {isa = PBXBuildFile; fileRef = 4E0A18D460A5425688ED85C5 /* libz.tbd */; };
		2FE9E1B7944A4E0BA62325A3 /* JavaScriptCore.framework in Frameworks */ = {isa = PBXBuildFile; fileRef = 6BF7AAD4831B479596BDFCE0 /* JavaScriptCore.framework */; };
		301BF552109A68D80062928A /* libCordova.a in Frameworks */ = {isa = PBXBuildFile; fileRef = 301BF535109A57CC0062928A /* libCordova.a */; };
		302D95F114D2391D003F00A1 /* MainViewController.m in Sources */ = {isa = PBXBuildFile; fileRef = 302D95EF14D2391D003F00A1 /* MainViewController.m */; };
		302D95F214D2391D003F00A1 /* MainViewController.xib in Resources */ = {isa = PBXBuildFile; fileRef = 302D95F014D2391D003F00A1 /* MainViewController.xib */; };
		30B66C93DE2F47539161266C /* GCDWebServerMultiPartFormRequest.m in Sources */ = {isa = PBXBuildFile; fileRef = 2F6D7CB2EE5B4B9CB93DDADB /* GCDWebServerMultiPartFormRequest.m */; };
		37BC0956E7564EF4A3BE03A7 /* GCDWebServerConnection.m in Sources */ = {isa = PBXBuildFile; fileRef = 7B43CC9AC1DA4F3D9641EF37 /* GCDWebServerConnection.m */; };
		37BDB06ABBB949C49CD3AAFE /* GCDWebServerDataRequest.m in Sources */ = {isa = PBXBuildFile; fileRef = 01D8693F7F274B60A43654F8 /* GCDWebServerDataRequest.m */; };
		3A921674B36B402CAD70DFFC /* UserNotifications.framework in Frameworks */ = {isa = PBXBuildFile; fileRef = 1A718F838200462F802E127D /* UserNotifications.framework */; };
		453D9FB4F4264044A980ECE9 /* GCDWebServerResponse.m in Sources */ = {isa = PBXBuildFile; fileRef = 832CA260AF864FE8A5D58B78 /* GCDWebServerResponse.m */; };
		48C3D39CBC644D7A805940BD /* CDVLocalFilesystem.m in Sources */ = {isa = PBXBuildFile; fileRef = B3B0F1C0C36C424FB4F762CA /* CDVLocalFilesystem.m */; };
		56F39EA70D3649C89D031E82 /* CDVFile.m in Sources */ = {isa = PBXBuildFile; fileRef = EE5E47A8D12A45A5A701921A /* CDVFile.m */; };
		6972AEBBC9674D5C8DE19A2C /* Photos.framework in Frameworks */ = {isa = PBXBuildFile; fileRef = F92ADC0C32A547BD95652609 /* Photos.framework */; };
		6AFF5BF91D6E424B00AB3073 /* CDVLaunchScreen.storyboard in Resources */ = {isa = PBXBuildFile; fileRef = 6AFF5BF81D6E424B00AB3073 /* CDVLaunchScreen.storyboard */; };
		7904AE08188C48FD909FD269 /* APPBadge.m in Sources */ = {isa = PBXBuildFile; fileRef = 0308C4E8B80B45F291FA83CF /* APPBadge.m */; };
		845E8BED5F7641529DCAE08C /* Diagnostic_Camera.m in Sources */ = {isa = PBXBuildFile; fileRef = D3B95994FDA14D748C5E874C /* Diagnostic_Camera.m */; };
		84B97DE2B26D40939BA6EFA3 /* CDVInAppBrowserNavigationController.m in Sources */ = {isa = PBXBuildFile; fileRef = 4BAE9F4EB2E248AD990971EF /* CDVInAppBrowserNavigationController.m */; };
		8553075678DB4CFAA3903E77 /* CDVViewController+SplashScreen.m in Sources */ = {isa = PBXBuildFile; fileRef = 4F4FEBCE49D94460ADB890FA /* CDVViewController+SplashScreen.m */; };
		85F542537D7B4EC69219AF2E /* Diagnostic_Contacts.m in Sources */ = {isa = PBXBuildFile; fileRef = 76262A29B16E450EAAEA62FC /* Diagnostic_Contacts.m */; };
		898EEA6399584C469FA9D87B /* GCDWebServerStreamedResponse.m in Sources */ = {isa = PBXBuildFile; fileRef = B70F667956764075A8C479D1 /* GCDWebServerStreamedResponse.m */; };
		8A9D385D6BDB4C079D4F4B1F /* Diagnostic_Motion.m in Sources */ = {isa = PBXBuildFile; fileRef = E6CCDFBB059E40359B42DB65 /* Diagnostic_Motion.m */; };
		8C70ABFF225147BCAD1AD47C /* Diagnostic_Bluetooth.m in Sources */ = {isa = PBXBuildFile; fileRef = 42A4CE53DD2E46C0A90F4196 /* Diagnostic_Bluetooth.m */; };
		8D4E2D0F6F264C25BBBC89D0 /* CoreMotion.framework in Frameworks */ = {isa = PBXBuildFile; fileRef = 546FEFB51CFB48AE905911A8 /* CoreMotion.framework */; };
		8EE0D8EFF2DC42BB95B72BCB /* CDVAssetLibraryFilesystem.m in Sources */ = {isa = PBXBuildFile; fileRef = 7C11D7F89CFC4EE6A9D30D09 /* CDVAssetLibraryFilesystem.m */; };
		904DB15843DE4F9895B85E86 /* APPBackgroundMode.m in Sources */ = {isa = PBXBuildFile; fileRef = 0658FD3947B2424E898A5A5C /* APPBackgroundMode.m */; };
		91CB749D543C4815B2E3CE0F /* CDVWKInAppBrowserUIDelegate.m in Sources */ = {isa = PBXBuildFile; fileRef = ED27E0EBB48B4F818D6A1353 /* CDVWKInAppBrowserUIDelegate.m */; };
		92A3CF6D1CEF442C8EC9B942 /* CDVWKProcessPoolFactory.m in Sources */ = {isa = PBXBuildFile; fileRef = F2896B60EBEC41DBB2CD22D6 /* CDVWKProcessPoolFactory.m */; };
		92C816E8E9C34DD8AF2F55DF /* Diagnostic_Location.m in Sources */ = {isa = PBXBuildFile; fileRef = 0380B7358B034E628CA80223 /* Diagnostic_Location.m */; };
		99EEA6D02F94443CB76A93EC /* APPMethodMagic.m in Sources */ = {isa = PBXBuildFile; fileRef = EA5B512E619A4D8AA5586785 /* APPMethodMagic.m */; };
		9D1646BEE6C24794B016CDC1 /* CDVInAppBrowserOptions.m in Sources */ = {isa = PBXBuildFile; fileRef = 73DCA86EAE1C4F88B788A8AB /* CDVInAppBrowserOptions.m */; };
		A42AD12EE171429487BA7B23 /* GCDWebServerFileResponse.m in Sources */ = {isa = PBXBuildFile; fileRef = 1D4EEA5804A74953B8AD0CFC /* GCDWebServerFileResponse.m */; };
		A47B4D6B71EF4ECBBCE76F30 /* CDVUIInAppBrowser.m in Sources */ = {isa = PBXBuildFile; fileRef = 6DC1B60371254FC9848FE70F /* CDVUIInAppBrowser.m */; };
		A5378A0746804375AAA49BE9 /* GCDWebServerFunctions.m in Sources */ = {isa = PBXBuildFile; fileRef = D32FA65733234461BB6B21CF /* GCDWebServerFunctions.m */; };
		A5F7FB333789478AB7BB2374 /* CoreLocation.framework in Frameworks */ = {isa = PBXBuildFile; fileRef = B86A1D79207448D9889737E5 /* CoreLocation.framework */; };
		ABBBF6F67D6F4B3097A7F797 /* AddressBook.framework in Frameworks */ = {isa = PBXBuildFile; fileRef = 1FA0D5CB32224B2E8FD683EA /* AddressBook.framework */; };
		AD35617434F145A8802C7D9D /* CDVDevice.m in Sources */ = {isa = PBXBuildFile; fileRef = E3D7CE21C0714F81B795CC86 /* CDVDevice.m */; };
		AFE368C03A1C4055AC8CCF93 /* GCDWebServer.m in Sources */ = {isa = PBXBuildFile; fileRef = DA3F337D6C8544AAA1466A47 /* GCDWebServer.m */; };
		B1652CB1361341D28D0F058C /* CDVWKWebViewUIDelegate.m in Sources */ = {isa = PBXBuildFile; fileRef = 10F6BBF9761044F8B5DF76CD /* CDVWKWebViewUIDelegate.m */; };
		B80175EB3FC4400F9D0EEBCB /* UNUserNotificationCenter+APPLocalNotification.m in Sources */ = {isa = PBXBuildFile; fileRef = B669BE39375B4041B583AB34 /* UNUserNotificationCenter+APPLocalNotification.m */; };
		B852EA5980F4477B83C87449 /* GCDWebServerErrorResponse.m in Sources */ = {isa = PBXBuildFile; fileRef = 9EBBAB16E95046C589CB6459 /* GCDWebServerErrorResponse.m */; };
		BBC65C4AC53F4672956C9C49 /* AVFoundation.framework in Frameworks */ = {isa = PBXBuildFile; fileRef = FD77EFEC07874058ADAC86DF /* AVFoundation.framework */; };
		BBE81297ADFA4D64BFB08729 /* MediaPlayer.framework in Frameworks */ = {isa = PBXBuildFile; fileRef = 44DB071249BE43CF9B2ACAD1 /* MediaPlayer.framework */; };
		BC3DFA646F9847F2BAAFEDEC /* UNNotificationRequest+APPLocalNotification.m in Sources */ = {isa = PBXBuildFile; fileRef = ECAEF423DA86468E849AF3B3 /* UNNotificationRequest+APPLocalNotification.m */; };
		C10BAD3B02FF44B190050B23 /* CDVInAppBrowser.m in Sources */ = {isa = PBXBuildFile; fileRef = 58349F0D919449BCBDB70F08 /* CDVInAppBrowser.m */; };
		C557D235875A4E6698AB9028 /* CDVStatusBar.m in Sources */ = {isa = PBXBuildFile; fileRef = AA08E1648DC34AACA0F7EDB1 /* CDVStatusBar.m */; };
		C655B579C14245ECBED08AB3 /* Diagnostic_Notifications.m in Sources */ = {isa = PBXBuildFile; fileRef = 2D335C525E0A44CBA4DAD43F /* Diagnostic_Notifications.m */; };
		CB90F0D8B3CD4B7094ADF50E /* Diagnostic_Wifi.m in Sources */ = {isa = PBXBuildFile; fileRef = 57D2E0AC6EF14D04B22E4E8E /* Diagnostic_Wifi.m */; };
		D1D4E5310189415A86436E94 /* APPNotificationContent.m in Sources */ = {isa = PBXBuildFile; fileRef = 4822996C3EFC4157800E80E9 /* APPNotificationContent.m */; };
		D263B09F48A44B5C9B4EB03B /* GCDWebServerURLEncodedFormRequest.m in Sources */ = {isa = PBXBuildFile; fileRef = 132CD2201C594449AB967C6B /* GCDWebServerURLEncodedFormRequest.m */; };
		D430D4A126FB40D296CC5D12 /* CDVWKWebViewEngine.m in Sources */ = {isa = PBXBuildFile; fileRef = 9C5E7C28D6704AFD899FDD9F /* CDVWKWebViewEngine.m */; };
		D59C2475EEB84C82A104DAA0 /* APPNotificationOptions.m in Sources */ = {isa = PBXBuildFile; fileRef = 7DA84A396C204313BF3CCD90 /* APPNotificationOptions.m */; };
		D6EAC88EE63143C387B72F55 /* CoreBluetooth.framework in Frameworks */ = {isa = PBXBuildFile; fileRef = 8C9E4649BB394FEB94F1BD53 /* CoreBluetooth.framework */; };
		DCE63EDAA9BA48EB923EF27D /* CDVLocation.m in Sources */ = {isa = PBXBuildFile; fileRef = 19428EAB8424435EAC5E1B8D /* CDVLocation.m */; };
		E2E86F149A9447768B66D7D9 /* PhotoViewer.m in Sources */ = {isa = PBXBuildFile; fileRef = E7FC3F9C7D1D4070928A5E4E /* PhotoViewer.m */; };
		E364028713724C519D0845E0 /* Diagnostic.m in Sources */ = {isa = PBXBuildFile; fileRef = 69B8DE7F15564A5A9A6B370B /* Diagnostic.m */; };
		E9EC39D3D821473CBAA573C8 /* Diagnostic_Microphone.m in Sources */ = {isa = PBXBuildFile; fileRef = C7A2E9BA01524CA387AAE618 /* Diagnostic_Microphone.m */; };
		EEEE6F91DF69455CBD337B00 /* Diagnostic_Reminders.m in Sources */ = {isa = PBXBuildFile; fileRef = 7E4F2C933FF14EB881701236 /* Diagnostic_Reminders.m */; };
		F1031D7C8AE148BAAA26B73A /* WebKit.framework in Frameworks */ = {isa = PBXBuildFile; fileRef = C007459F88FA4806A784D1AE /* WebKit.framework */; settings = {ATTRIBUTES = (Weak, ); }; };
		F646568071274AD086282136 /* Diagnostic_Calendar.m in Sources */ = {isa = PBXBuildFile; fileRef = F1D3A5FC6F144FA2BD9B139C /* Diagnostic_Calendar.m */; };
		F81729FC0B4A44D1914249FE /* EventKit.framework in Frameworks */ = {isa = PBXBuildFile; fileRef = 228D14F02794441B8EBB3206 /* EventKit.framework */; };
		FA9CB025418E489D877141F1 /* CDVWKInAppBrowser.m in Sources */ = {isa = PBXBuildFile; fileRef = 1538058E43C04DFEBC4599C8 /* CDVWKInAppBrowser.m */; };
/* End PBXBuildFile section */

/* Begin PBXContainerItemProxy section */
		301BF534109A57CC0062928A /* PBXContainerItemProxy */ = {
			isa = PBXContainerItemProxy;
			containerPortal = 301BF52D109A57CC0062928A /* CordovaLib/CordovaLib.xcodeproj */;
			proxyType = 2;
			remoteGlobalIDString = D2AAC07E0554694100DB518D;
			remoteInfo = CordovaLib;
		};
		301BF550109A68C00062928A /* PBXContainerItemProxy */ = {
			isa = PBXContainerItemProxy;
			containerPortal = 301BF52D109A57CC0062928A /* CordovaLib/CordovaLib.xcodeproj */;
			proxyType = 1;
			remoteGlobalIDString = D2AAC07D0554694100DB518D;
			remoteInfo = CordovaLib;
		};
		4964A8AF235A24880011344E /* PBXContainerItemProxy */ = {
			isa = PBXContainerItemProxy;
			containerPortal = 301BF52D109A57CC0062928A /* CordovaLib/CordovaLib.xcodeproj */;
			proxyType = 2;
			remoteGlobalIDString = C0C01EB21E3911D50056E6CB;
			remoteInfo = Cordova;
		};
/* End PBXContainerItemProxy section */

/* Begin PBXFileReference section */
		01D8693F7F274B60A43654F8 /* GCDWebServerDataRequest.m */ = {isa = PBXFileReference; explicitFileType = undefined; fileEncoding = 4; includeInIndex = 0; lastKnownFileType = sourcecode.c.objc; name = GCDWebServerDataRequest.m; path = "cordova-plugin-ionic-webview/GCDWebServerDataRequest.m"; sourceTree = "<group>"; };
		0207DA571B56EA530066E2B4 /* Images.xcassets */ = {isa = PBXFileReference; lastKnownFileType = folder.assetcatalog; name = Images.xcassets; path = "App PPA/Images.xcassets"; sourceTree = SOURCE_ROOT; };
		0308C4E8B80B45F291FA83CF /* APPBadge.m */ = {isa = PBXFileReference; explicitFileType = undefined; fileEncoding = 4; includeInIndex = 0; lastKnownFileType = sourcecode.c.objc; name = APPBadge.m; path = "cordova-plugin-badge/APPBadge.m"; sourceTree = "<group>"; };
		035D07F0A917457D81B0150A /* GCDWebServerRequest.h */ = {isa = PBXFileReference; explicitFileType = undefined; fileEncoding = 4; includeInIndex = 0; lastKnownFileType = sourcecode.c.h; name = GCDWebServerRequest.h; path = "cordova-plugin-ionic-webview/GCDWebServerRequest.h"; sourceTree = "<group>"; };
		0380B7358B034E628CA80223 /* Diagnostic_Location.m */ = {isa = PBXFileReference; explicitFileType = undefined; fileEncoding = 4; includeInIndex = 0; lastKnownFileType = sourcecode.c.objc; name = Diagnostic_Location.m; path = cordova.plugins.diagnostic/Diagnostic_Location.m; sourceTree = "<group>"; };
		0658FD3947B2424E898A5A5C /* APPBackgroundMode.m */ = {isa = PBXFileReference; explicitFileType = undefined; fileEncoding = 4; includeInIndex = 0; lastKnownFileType = sourcecode.c.objc; name = APPBackgroundMode.m; path = "cordova-plugin-background-mode/APPBackgroundMode.m"; sourceTree = "<group>"; };
		06BEE5499B094C5B872EBD7C /* appbeep.wav */ = {isa = PBXFileReference; explicitFileType = undefined; fileEncoding = 9; includeInIndex = 0; lastKnownFileType = unknown; path = appbeep.wav; sourceTree = "<group>"; };
		06C70577492847B9B30B229E /* CDVViewController+SplashScreen.h */ = {isa = PBXFileReference; explicitFileType = undefined; fileEncoding = 4; includeInIndex = 0; lastKnownFileType = sourcecode.c.h; name = "CDVViewController+SplashScreen.h"; path = "cordova-plugin-splashscreen/CDVViewController+SplashScreen.h"; sourceTree = "<group>"; };
		0BD5F087319C4516AC7F9554 /* Contacts.framework */ = {isa = PBXFileReference; explicitFileType = undefined; fileEncoding = 9; includeInIndex = 0; lastKnownFileType = wrapper.framework; name = Contacts.framework; path = System/Library/Frameworks/Contacts.framework; sourceTree = SDKROOT; };
		1096DA710A5D4DA8B2B339C8 /* APPLocalNotification.h */ = {isa = PBXFileReference; explicitFileType = undefined; fileEncoding = 4; includeInIndex = 0; lastKnownFileType = sourcecode.c.h; name = APPLocalNotification.h; path = "cordova-plugin-local-notification/APPLocalNotification.h"; sourceTree = "<group>"; };
		10F6BBF9761044F8B5DF76CD /* CDVWKWebViewUIDelegate.m */ = {isa = PBXFileReference; explicitFileType = undefined; fileEncoding = 4; includeInIndex = 0; lastKnownFileType = sourcecode.c.objc; name = CDVWKWebViewUIDelegate.m; path = "cordova-plugin-ionic-webview/CDVWKWebViewUIDelegate.m"; sourceTree = "<group>"; };
		12476D57D08D4578B4660B11 /* CDVAssetLibraryFilesystem.h */ = {isa = PBXFileReference; explicitFileType = undefined; fileEncoding = 4; includeInIndex = 0; lastKnownFileType = sourcecode.c.h; name = CDVAssetLibraryFilesystem.h; path = "cordova-plugin-file/CDVAssetLibraryFilesystem.h"; sourceTree = "<group>"; };
		132CD2201C594449AB967C6B /* GCDWebServerURLEncodedFormRequest.m */ = {isa = PBXFileReference; explicitFileType = undefined; fileEncoding = 4; includeInIndex = 0; lastKnownFileType = sourcecode.c.objc; name = GCDWebServerURLEncodedFormRequest.m; path = "cordova-plugin-ionic-webview/GCDWebServerURLEncodedFormRequest.m"; sourceTree = "<group>"; };
		1538058E43C04DFEBC4599C8 /* CDVWKInAppBrowser.m */ = {isa = PBXFileReference; explicitFileType = undefined; fileEncoding = 4; includeInIndex = 0; lastKnownFileType = sourcecode.c.objc; name = CDVWKInAppBrowser.m; path = "cordova-plugin-inappbrowser/CDVWKInAppBrowser.m"; sourceTree = "<group>"; };
		19428EAB8424435EAC5E1B8D /* CDVLocation.m */ = {isa = PBXFileReference; explicitFileType = undefined; fileEncoding = 4; includeInIndex = 0; lastKnownFileType = sourcecode.c.objc; name = CDVLocation.m; path = "cordova-plugin-geolocation/CDVLocation.m"; sourceTree = "<group>"; };
		19F472787A3F426EB155F3F7 /* CDVUIInAppBrowser.h */ = {isa = PBXFileReference; explicitFileType = undefined; fileEncoding = 4; includeInIndex = 0; lastKnownFileType = sourcecode.c.h; name = CDVUIInAppBrowser.h; path = "cordova-plugin-inappbrowser/CDVUIInAppBrowser.h"; sourceTree = "<group>"; };
		1A718F838200462F802E127D /* UserNotifications.framework */ = {isa = PBXFileReference; explicitFileType = undefined; fileEncoding = 9; includeInIndex = 0; lastKnownFileType = wrapper.framework; name = UserNotifications.framework; path = System/Library/Frameworks/UserNotifications.framework; sourceTree = SDKROOT; };
		1B64C7BFF3A747BEB736AE42 /* CDVSplashScreen.h */ = {isa = PBXFileReference; explicitFileType = undefined; fileEncoding = 4; includeInIndex = 0; lastKnownFileType = sourcecode.c.h; name = CDVSplashScreen.h; path = "cordova-plugin-splashscreen/CDVSplashScreen.h"; sourceTree = "<group>"; };
		1D3623240D0F684500981E51 /* AppDelegate.h */ = {isa = PBXFileReference; fileEncoding = 4; lastKnownFileType = sourcecode.c.h; path = AppDelegate.h; sourceTree = "<group>"; };
		1D3623250D0F684500981E51 /* AppDelegate.m */ = {isa = PBXFileReference; fileEncoding = 4; lastKnownFileType = sourcecode.c.objc; path = AppDelegate.m; sourceTree = "<group>"; };
		1D4EEA5804A74953B8AD0CFC /* GCDWebServerFileResponse.m */ = {isa = PBXFileReference; explicitFileType = undefined; fileEncoding = 4; includeInIndex = 0; lastKnownFileType = sourcecode.c.objc; name = GCDWebServerFileResponse.m; path = "cordova-plugin-ionic-webview/GCDWebServerFileResponse.m"; sourceTree = "<group>"; };
		1D6058910D05DD3D006BFB54 /* App PPA.app */ = {isa = PBXFileReference; explicitFileType = wrapper.application; includeInIndex = 0; path = "App PPA.app"; sourceTree = BUILT_PRODUCTS_DIR; };
		1FA0D5CB32224B2E8FD683EA /* AddressBook.framework */ = {isa = PBXFileReference; explicitFileType = undefined; fileEncoding = 9; includeInIndex = 0; lastKnownFileType = wrapper.framework; name = AddressBook.framework; path = System/Library/Frameworks/AddressBook.framework; sourceTree = SDKROOT; };
		20759F6E426346E4B891B275 /* CDVWKProcessPoolFactory.h */ = {isa = PBXFileReference; explicitFileType = undefined; fileEncoding = 4; includeInIndex = 0; lastKnownFileType = sourcecode.c.h; name = CDVWKProcessPoolFactory.h; path = "cordova-plugin-ionic-webview/CDVWKProcessPoolFactory.h"; sourceTree = "<group>"; };
		228D14F02794441B8EBB3206 /* EventKit.framework */ = {isa = PBXFileReference; explicitFileType = undefined; fileEncoding = 9; includeInIndex = 0; lastKnownFileType = wrapper.framework; name = EventKit.framework; path = System/Library/Frameworks/EventKit.framework; sourceTree = SDKROOT; };
		2609137A82604A2EB2A98EB2 /* CDVStatusBar.h */ = {isa = PBXFileReference; explicitFileType = undefined; fileEncoding = 4; includeInIndex = 0; lastKnownFileType = sourcecode.c.h; name = CDVStatusBar.h; path = "cordova-plugin-statusbar/CDVStatusBar.h"; sourceTree = "<group>"; };
		26287A35F1FC444391330CA7 /* GCDWebServerPrivate.h */ = {isa = PBXFileReference; explicitFileType = undefined; fileEncoding = 4; includeInIndex = 0; lastKnownFileType = sourcecode.c.h; name = GCDWebServerPrivate.h; path = "cordova-plugin-ionic-webview/GCDWebServerPrivate.h"; sourceTree = "<group>"; };
		29B97316FDCFA39411CA2CEA /* main.m */ = {isa = PBXFileReference; fileEncoding = 4; lastKnownFileType = sourcecode.c.objc; path = main.m; sourceTree = "<group>"; };
		2D335C525E0A44CBA4DAD43F /* Diagnostic_Notifications.m */ = {isa = PBXFileReference; explicitFileType = undefined; fileEncoding = 4; includeInIndex = 0; lastKnownFileType = sourcecode.c.objc; name = Diagnostic_Notifications.m; path = cordova.plugins.diagnostic/Diagnostic_Notifications.m; sourceTree = "<group>"; };
		2F6D7CB2EE5B4B9CB93DDADB /* GCDWebServerMultiPartFormRequest.m */ = {isa = PBXFileReference; explicitFileType = undefined; fileEncoding = 4; includeInIndex = 0; lastKnownFileType = sourcecode.c.objc; name = GCDWebServerMultiPartFormRequest.m; path = "cordova-plugin-ionic-webview/GCDWebServerMultiPartFormRequest.m"; sourceTree = "<group>"; };
		301BF52D109A57CC0062928A /* CordovaLib/CordovaLib.xcodeproj */ = {isa = PBXFileReference; lastKnownFileType = "wrapper.pb-project"; path = CordovaLib/CordovaLib.xcodeproj; sourceTree = "<group>"; };
		301BF56E109A69640062928A /* www */ = {isa = PBXFileReference; lastKnownFileType = folder; path = www; sourceTree = SOURCE_ROOT; };
		302D95EE14D2391D003F00A1 /* MainViewController.h */ = {isa = PBXFileReference; fileEncoding = 4; lastKnownFileType = sourcecode.c.h; path = MainViewController.h; sourceTree = "<group>"; };
		302D95EF14D2391D003F00A1 /* MainViewController.m */ = {isa = PBXFileReference; fileEncoding = 4; lastKnownFileType = sourcecode.c.objc; path = MainViewController.m; sourceTree = "<group>"; };
		302D95F014D2391D003F00A1 /* MainViewController.xib */ = {isa = PBXFileReference; fileEncoding = 4; lastKnownFileType = file.xib; path = MainViewController.xib; sourceTree = "<group>"; };
		3047A50F1AB8059700498E2A /* build-debug.xcconfig */ = {isa = PBXFileReference; fileEncoding = 4; lastKnownFileType = text.xcconfig; name = "build-debug.xcconfig"; path = "cordova/build-debug.xcconfig"; sourceTree = SOURCE_ROOT; };
		3047A5101AB8059700498E2A /* build-release.xcconfig */ = {isa = PBXFileReference; fileEncoding = 4; lastKnownFileType = text.xcconfig; name = "build-release.xcconfig"; path = "cordova/build-release.xcconfig"; sourceTree = SOURCE_ROOT; };
		3047A5111AB8059700498E2A /* build.xcconfig */ = {isa = PBXFileReference; fileEncoding = 4; lastKnownFileType = text.xcconfig; name = build.xcconfig; path = cordova/build.xcconfig; sourceTree = SOURCE_ROOT; };
		31D690FFE881469C83E4D272 /* GCDWebServerDataResponse.m */ = {isa = PBXFileReference; explicitFileType = undefined; fileEncoding = 4; includeInIndex = 0; lastKnownFileType = sourcecode.c.objc; name = GCDWebServerDataResponse.m; path = "cordova-plugin-ionic-webview/GCDWebServerDataResponse.m"; sourceTree = "<group>"; };
		322712B03B824EDCAF830354 /* APPMethodMagic.h */ = {isa = PBXFileReference; explicitFileType = undefined; fileEncoding = 4; includeInIndex = 0; lastKnownFileType = sourcecode.c.h; name = APPMethodMagic.h; path = "cordova-plugin-background-mode/APPMethodMagic.h"; sourceTree = "<group>"; };
		32CA4F630368D1EE00C91783 /* App PPA-Prefix.pch */ = {isa = PBXFileReference; fileEncoding = 4; lastKnownFileType = sourcecode.c.h; path = "App PPA-Prefix.pch"; sourceTree = "<group>"; };
		3B5DBC5ACD5145A1BA98DCDD /* GCDWebServerFileResponse.h */ = {isa = PBXFileReference; explicitFileType = undefined; fileEncoding = 4; includeInIndex = 0; lastKnownFileType = sourcecode.c.h; name = GCDWebServerFileResponse.h; path = "cordova-plugin-ionic-webview/GCDWebServerFileResponse.h"; sourceTree = "<group>"; };
		42A4CE53DD2E46C0A90F4196 /* Diagnostic_Bluetooth.m */ = {isa = PBXFileReference; explicitFileType = undefined; fileEncoding = 4; includeInIndex = 0; lastKnownFileType = sourcecode.c.objc; name = Diagnostic_Bluetooth.m; path = cordova.plugins.diagnostic/Diagnostic_Bluetooth.m; sourceTree = "<group>"; };
		449701E1C6B949AFA1E3F459 /* Diagnostic.h */ = {isa = PBXFileReference; explicitFileType = undefined; fileEncoding = 4; includeInIndex = 0; lastKnownFileType = sourcecode.c.h; name = Diagnostic.h; path = cordova.plugins.diagnostic/Diagnostic.h; sourceTree = "<group>"; };
		44DB071249BE43CF9B2ACAD1 /* MediaPlayer.framework */ = {isa = PBXFileReference; explicitFileType = undefined; fileEncoding = 9; includeInIndex = 0; lastKnownFileType = wrapper.framework; name = MediaPlayer.framework; path = System/Library/Frameworks/MediaPlayer.framework; sourceTree = SDKROOT; };
		4817698602D34067A002EA7E /* APPBackgroundMode.h */ = {isa = PBXFileReference; explicitFileType = undefined; fileEncoding = 4; includeInIndex = 0; lastKnownFileType = sourcecode.c.h; name = APPBackgroundMode.h; path = "cordova-plugin-background-mode/APPBackgroundMode.h"; sourceTree = "<group>"; };
		4822996C3EFC4157800E80E9 /* APPNotificationContent.m */ = {isa = PBXFileReference; explicitFileType = undefined; fileEncoding = 4; includeInIndex = 0; lastKnownFileType = sourcecode.c.objc; name = APPNotificationContent.m; path = "cordova-plugin-local-notification/APPNotificationContent.m"; sourceTree = "<group>"; };
		4BAE9F4EB2E248AD990971EF /* CDVInAppBrowserNavigationController.m */ = {isa = PBXFileReference; explicitFileType = undefined; fileEncoding = 4; includeInIndex = 0; lastKnownFileType = sourcecode.c.objc; name = CDVInAppBrowserNavigationController.m; path = "cordova-plugin-inappbrowser/CDVInAppBrowserNavigationController.m"; sourceTree = "<group>"; };
		4D5DE58011B84555A14EB4F1 /* GCDWebServerConnection.h */ = {isa = PBXFileReference; explicitFileType = undefined; fileEncoding = 4; includeInIndex = 0; lastKnownFileType = sourcecode.c.h; name = GCDWebServerConnection.h; path = "cordova-plugin-ionic-webview/GCDWebServerConnection.h"; sourceTree = "<group>"; };
		4D8234CD01DC4203BA39E640 /* Diagnostic_Camera.h */ = {isa = PBXFileReference; explicitFileType = undefined; fileEncoding = 4; includeInIndex = 0; lastKnownFileType = sourcecode.c.h; name = Diagnostic_Camera.h; path = cordova.plugins.diagnostic/Diagnostic_Camera.h; sourceTree = "<group>"; };
		4E0A18D460A5425688ED85C5 /* libz.tbd */ = {isa = PBXFileReference; explicitFileType = undefined; fileEncoding = 9; includeInIndex = 0; lastKnownFileType = "sourcecode.text-based-dylib-definition"; name = libz.tbd; path = usr/lib/libz.tbd; sourceTree = SDKROOT; };
		4E812C9085464B009631562A /* Diagnostic_Reminders.h */ = {isa = PBXFileReference; explicitFileType = undefined; fileEncoding = 4; includeInIndex = 0; lastKnownFileType = sourcecode.c.h; name = Diagnostic_Reminders.h; path = cordova.plugins.diagnostic/Diagnostic_Reminders.h; sourceTree = "<group>"; };
		4F4FEBCE49D94460ADB890FA /* CDVViewController+SplashScreen.m */ = {isa = PBXFileReference; explicitFileType = undefined; fileEncoding = 4; includeInIndex = 0; lastKnownFileType = sourcecode.c.objc; name = "CDVViewController+SplashScreen.m"; path = "cordova-plugin-splashscreen/CDVViewController+SplashScreen.m"; sourceTree = "<group>"; };
		53EE4CB0BB1343EAA8837A6C /* APPLocalNotification.m */ = {isa = PBXFileReference; explicitFileType = undefined; fileEncoding = 4; includeInIndex = 0; lastKnownFileType = sourcecode.c.objc; name = APPLocalNotification.m; path = "cordova-plugin-local-notification/APPLocalNotification.m"; sourceTree = "<group>"; };
		546FEFB51CFB48AE905911A8 /* CoreMotion.framework */ = {isa = PBXFileReference; explicitFileType = undefined; fileEncoding = 9; includeInIndex = 0; lastKnownFileType = wrapper.framework; name = CoreMotion.framework; path = System/Library/Frameworks/CoreMotion.framework; sourceTree = SDKROOT; };
		552A2DCA671B4568817CBA42 /* Diagnostic_Wifi.h */ = {isa = PBXFileReference; explicitFileType = undefined; fileEncoding = 4; includeInIndex = 0; lastKnownFileType = sourcecode.c.h; name = Diagnostic_Wifi.h; path = cordova.plugins.diagnostic/Diagnostic_Wifi.h; sourceTree = "<group>"; };
		57D2E0AC6EF14D04B22E4E8E /* Diagnostic_Wifi.m */ = {isa = PBXFileReference; explicitFileType = undefined; fileEncoding = 4; includeInIndex = 0; lastKnownFileType = sourcecode.c.objc; name = Diagnostic_Wifi.m; path = cordova.plugins.diagnostic/Diagnostic_Wifi.m; sourceTree = "<group>"; };
		58349F0D919449BCBDB70F08 /* CDVInAppBrowser.m */ = {isa = PBXFileReference; explicitFileType = undefined; fileEncoding = 4; includeInIndex = 0; lastKnownFileType = sourcecode.c.objc; name = CDVInAppBrowser.m; path = "cordova-plugin-inappbrowser/CDVInAppBrowser.m"; sourceTree = "<group>"; };
		5EA8E5313C864E739388BA1A /* GCDWebServerErrorResponse.h */ = {isa = PBXFileReference; explicitFileType = undefined; fileEncoding = 4; includeInIndex = 0; lastKnownFileType = sourcecode.c.h; name = GCDWebServerErrorResponse.h; path = "cordova-plugin-ionic-webview/GCDWebServerErrorResponse.h"; sourceTree = "<group>"; };
		5EEE3CC2699741CEB3C756A4 /* GCDWebServerFileRequest.h */ = {isa = PBXFileReference; explicitFileType = undefined; fileEncoding = 4; includeInIndex = 0; lastKnownFileType = sourcecode.c.h; name = GCDWebServerFileRequest.h; path = "cordova-plugin-ionic-webview/GCDWebServerFileRequest.h"; sourceTree = "<group>"; };
		687245163B6443F88017B046 /* Diagnostic_Bluetooth.h */ = {isa = PBXFileReference; explicitFileType = undefined; fileEncoding = 4; includeInIndex = 0; lastKnownFileType = sourcecode.c.h; name = Diagnostic_Bluetooth.h; path = cordova.plugins.diagnostic/Diagnostic_Bluetooth.h; sourceTree = "<group>"; };
		69B8DE7F15564A5A9A6B370B /* Diagnostic.m */ = {isa = PBXFileReference; explicitFileType = undefined; fileEncoding = 4; includeInIndex = 0; lastKnownFileType = sourcecode.c.objc; name = Diagnostic.m; path = cordova.plugins.diagnostic/Diagnostic.m; sourceTree = "<group>"; };
		6AFF5BF81D6E424B00AB3073 /* CDVLaunchScreen.storyboard */ = {isa = PBXFileReference; fileEncoding = 4; lastKnownFileType = file.storyboard; name = CDVLaunchScreen.storyboard; path = "App PPA/CDVLaunchScreen.storyboard"; sourceTree = SOURCE_ROOT; };
		6BF7AAD4831B479596BDFCE0 /* JavaScriptCore.framework */ = {isa = PBXFileReference; explicitFileType = undefined; fileEncoding = 9; includeInIndex = 0; lastKnownFileType = wrapper.framework; name = JavaScriptCore.framework; path = System/Library/Frameworks/JavaScriptCore.framework; sourceTree = SDKROOT; };
		6DC1B60371254FC9848FE70F /* CDVUIInAppBrowser.m */ = {isa = PBXFileReference; explicitFileType = undefined; fileEncoding = 4; includeInIndex = 0; lastKnownFileType = sourcecode.c.objc; name = CDVUIInAppBrowser.m; path = "cordova-plugin-inappbrowser/CDVUIInAppBrowser.m"; sourceTree = "<group>"; };
		7260CAEF7BF94AF79B175C3D /* GCDWebServerFunctions.h */ = {isa = PBXFileReference; explicitFileType = undefined; fileEncoding = 4; includeInIndex = 0; lastKnownFileType = sourcecode.c.h; name = GCDWebServerFunctions.h; path = "cordova-plugin-ionic-webview/GCDWebServerFunctions.h"; sourceTree = "<group>"; };
		73DCA86EAE1C4F88B788A8AB /* CDVInAppBrowserOptions.m */ = {isa = PBXFileReference; explicitFileType = undefined; fileEncoding = 4; includeInIndex = 0; lastKnownFileType = sourcecode.c.objc; name = CDVInAppBrowserOptions.m; path = "cordova-plugin-inappbrowser/CDVInAppBrowserOptions.m"; sourceTree = "<group>"; };
		76262A29B16E450EAAEA62FC /* Diagnostic_Contacts.m */ = {isa = PBXFileReference; explicitFileType = undefined; fileEncoding = 4; includeInIndex = 0; lastKnownFileType = sourcecode.c.objc; name = Diagnostic_Contacts.m; path = cordova.plugins.diagnostic/Diagnostic_Contacts.m; sourceTree = "<group>"; };
		7B43CC9AC1DA4F3D9641EF37 /* GCDWebServerConnection.m */ = {isa = PBXFileReference; explicitFileType = undefined; fileEncoding = 4; includeInIndex = 0; lastKnownFileType = sourcecode.c.objc; name = GCDWebServerConnection.m; path = "cordova-plugin-ionic-webview/GCDWebServerConnection.m"; sourceTree = "<group>"; };
		7C11D7F89CFC4EE6A9D30D09 /* CDVAssetLibraryFilesystem.m */ = {isa = PBXFileReference; explicitFileType = undefined; fileEncoding = 4; includeInIndex = 0; lastKnownFileType = sourcecode.c.objc; name = CDVAssetLibraryFilesystem.m; path = "cordova-plugin-file/CDVAssetLibraryFilesystem.m"; sourceTree = "<group>"; };
		7CA59B6F6A554C95A530F68F /* CDVWKWebViewEngine.h */ = {isa = PBXFileReference; explicitFileType = undefined; fileEncoding = 4; includeInIndex = 0; lastKnownFileType = sourcecode.c.h; name = CDVWKWebViewEngine.h; path = "cordova-plugin-ionic-webview/CDVWKWebViewEngine.h"; sourceTree = "<group>"; };
		7D1A0A2B40D54DE28A051665 /* Diagnostic_Location.h */ = {isa = PBXFileReference; explicitFileType = undefined; fileEncoding = 4; includeInIndex = 0; lastKnownFileType = sourcecode.c.h; name = Diagnostic_Location.h; path = cordova.plugins.diagnostic/Diagnostic_Location.h; sourceTree = "<group>"; };
		7DA84A396C204313BF3CCD90 /* APPNotificationOptions.m */ = {isa = PBXFileReference; explicitFileType = undefined; fileEncoding = 4; includeInIndex = 0; lastKnownFileType = sourcecode.c.objc; name = APPNotificationOptions.m; path = "cordova-plugin-local-notification/APPNotificationOptions.m"; sourceTree = "<group>"; };
		7E4F2C933FF14EB881701236 /* Diagnostic_Reminders.m */ = {isa = PBXFileReference; explicitFileType = undefined; fileEncoding = 4; includeInIndex = 0; lastKnownFileType = sourcecode.c.objc; name = Diagnostic_Reminders.m; path = cordova.plugins.diagnostic/Diagnostic_Reminders.m; sourceTree = "<group>"; };
		7F9CD926DA384E42822887BE /* CDVFile.h */ = {isa = PBXFileReference; explicitFileType = undefined; fileEncoding = 4; includeInIndex = 0; lastKnownFileType = sourcecode.c.h; name = CDVFile.h; path = "cordova-plugin-file/CDVFile.h"; sourceTree = "<group>"; };
		832CA260AF864FE8A5D58B78 /* GCDWebServerResponse.m */ = {isa = PBXFileReference; explicitFileType = undefined; fileEncoding = 4; includeInIndex = 0; lastKnownFileType = sourcecode.c.objc; name = GCDWebServerResponse.m; path = "cordova-plugin-ionic-webview/GCDWebServerResponse.m"; sourceTree = "<group>"; };
		8460875937184CB1A33E6DBA /* GCDWebServerStreamedResponse.h */ = {isa = PBXFileReference; explicitFileType = undefined; fileEncoding = 4; includeInIndex = 0; lastKnownFileType = sourcecode.c.h; name = GCDWebServerStreamedResponse.h; path = "cordova-plugin-ionic-webview/GCDWebServerStreamedResponse.h"; sourceTree = "<group>"; };
		8C86FC03C9384AACB9EEF4E2 /* CDVInAppBrowser.h */ = {isa = PBXFileReference; explicitFileType = undefined; fileEncoding = 4; includeInIndex = 0; lastKnownFileType = sourcecode.c.h; name = CDVInAppBrowser.h; path = "cordova-plugin-inappbrowser/CDVInAppBrowser.h"; sourceTree = "<group>"; };
		8C9E4649BB394FEB94F1BD53 /* CoreBluetooth.framework */ = {isa = PBXFileReference; explicitFileType = undefined; fileEncoding = 9; includeInIndex = 0; lastKnownFileType = wrapper.framework; name = CoreBluetooth.framework; path = System/Library/Frameworks/CoreBluetooth.framework; sourceTree = SDKROOT; };
		8D1107310486CEB800E47090 /* App PPA-Info.plist */ = {isa = PBXFileReference; fileEncoding = 4; lastKnownFileType = text.plist.xml; name = "App PPA-Info.plist"; path = "App PPA/App PPA-Info.plist"; plistStructureDefinitionIdentifier = "com.apple.xcode.plist.structure-definition.iphone.info-plist"; sourceTree = SOURCE_ROOT; };
		94FC40EB31E34AA6952C6447 /* GCDWebServerDataResponse.h */ = {isa = PBXFileReference; explicitFileType = undefined; fileEncoding = 4; includeInIndex = 0; lastKnownFileType = sourcecode.c.h; name = GCDWebServerDataResponse.h; path = "cordova-plugin-ionic-webview/GCDWebServerDataResponse.h"; sourceTree = "<group>"; };
		95424EB8A367436590ABCD6A /* GCDWebServerMultiPartFormRequest.h */ = {isa = PBXFileReference; explicitFileType = undefined; fileEncoding = 4; includeInIndex = 0; lastKnownFileType = sourcecode.c.h; name = GCDWebServerMultiPartFormRequest.h; path = "cordova-plugin-ionic-webview/GCDWebServerMultiPartFormRequest.h"; sourceTree = "<group>"; };
		998C335CBF244CF487DCEB67 /* CDVWKWebViewUIDelegate.h */ = {isa = PBXFileReference; explicitFileType = undefined; fileEncoding = 4; includeInIndex = 0; lastKnownFileType = sourcecode.c.h; name = CDVWKWebViewUIDelegate.h; path = "cordova-plugin-ionic-webview/CDVWKWebViewUIDelegate.h"; sourceTree = "<group>"; };
		9ADD185223B04BD8AB681B47 /* CDVDevice.h */ = {isa = PBXFileReference; explicitFileType = undefined; fileEncoding = 4; includeInIndex = 0; lastKnownFileType = sourcecode.c.h; name = CDVDevice.h; path = "cordova-plugin-device/CDVDevice.h"; sourceTree = "<group>"; };
		9C5E7C28D6704AFD899FDD9F /* CDVWKWebViewEngine.m */ = {isa = PBXFileReference; explicitFileType = undefined; fileEncoding = 4; includeInIndex = 0; lastKnownFileType = sourcecode.c.objc; name = CDVWKWebViewEngine.m; path = "cordova-plugin-ionic-webview/CDVWKWebViewEngine.m"; sourceTree = "<group>"; };
		9D22266EA87E4FBBA13DDDD2 /* Diagnostic_Motion.h */ = {isa = PBXFileReference; explicitFileType = undefined; fileEncoding = 4; includeInIndex = 0; lastKnownFileType = sourcecode.c.h; name = Diagnostic_Motion.h; path = cordova.plugins.diagnostic/Diagnostic_Motion.h; sourceTree = "<group>"; };
		9EBBAB16E95046C589CB6459 /* GCDWebServerErrorResponse.m */ = {isa = PBXFileReference; explicitFileType = undefined; fileEncoding = 4; includeInIndex = 0; lastKnownFileType = sourcecode.c.objc; name = GCDWebServerErrorResponse.m; path = "cordova-plugin-ionic-webview/GCDWebServerErrorResponse.m"; sourceTree = "<group>"; };
		9F72EDE242354E93BB31AC6A /* Diagnostic_Notifications.h */ = {isa = PBXFileReference; explicitFileType = undefined; fileEncoding = 4; includeInIndex = 0; lastKnownFileType = sourcecode.c.h; name = Diagnostic_Notifications.h; path = cordova.plugins.diagnostic/Diagnostic_Notifications.h; sourceTree = "<group>"; };
		A25645D868164E1BA41835D1 /* APPNotificationContent.h */ = {isa = PBXFileReference; explicitFileType = undefined; fileEncoding = 4; includeInIndex = 0; lastKnownFileType = sourcecode.c.h; name = APPNotificationContent.h; path = "cordova-plugin-local-notification/APPNotificationContent.h"; sourceTree = "<group>"; };
		A80AABB2D4174840935E3894 /* GCDWebServerRequest.m */ = {isa = PBXFileReference; explicitFileType = undefined; fileEncoding = 4; includeInIndex = 0; lastKnownFileType = sourcecode.c.objc; name = GCDWebServerRequest.m; path = "cordova-plugin-ionic-webview/GCDWebServerRequest.m"; sourceTree = "<group>"; };
		A94B30D0F71649C6B6E1EA6F /* GCDWebServer.h */ = {isa = PBXFileReference; explicitFileType = undefined; fileEncoding = 4; includeInIndex = 0; lastKnownFileType = sourcecode.c.h; name = GCDWebServer.h; path = "cordova-plugin-ionic-webview/GCDWebServer.h"; sourceTree = "<group>"; };
		A9D2B85FCF03496BB2AF96EC /* GCDWebServerURLEncodedFormRequest.h */ = {isa = PBXFileReference; explicitFileType = undefined; fileEncoding = 4; includeInIndex = 0; lastKnownFileType = sourcecode.c.h; name = GCDWebServerURLEncodedFormRequest.h; path = "cordova-plugin-ionic-webview/GCDWebServerURLEncodedFormRequest.h"; sourceTree = "<group>"; };
		AA08E1648DC34AACA0F7EDB1 /* CDVStatusBar.m */ = {isa = PBXFileReference; explicitFileType = undefined; fileEncoding = 4; includeInIndex = 0; lastKnownFileType = sourcecode.c.objc; name = CDVStatusBar.m; path = "cordova-plugin-statusbar/CDVStatusBar.m"; sourceTree = "<group>"; };
		ABEAA74845044551A133ACE3 /* CDVWKInAppBrowserUIDelegate.h */ = {isa = PBXFileReference; explicitFileType = undefined; fileEncoding = 4; includeInIndex = 0; lastKnownFileType = sourcecode.c.h; name = CDVWKInAppBrowserUIDelegate.h; path = "cordova-plugin-inappbrowser/CDVWKInAppBrowserUIDelegate.h"; sourceTree = "<group>"; };
		AC86B13A17714974A9AA5344 /* CDVLocation.h */ = {isa = PBXFileReference; explicitFileType = undefined; fileEncoding = 4; includeInIndex = 0; lastKnownFileType = sourcecode.c.h; name = CDVLocation.h; path = "cordova-plugin-geolocation/CDVLocation.h"; sourceTree = "<group>"; };
		B3B0F1C0C36C424FB4F762CA /* CDVLocalFilesystem.m */ = {isa = PBXFileReference; explicitFileType = undefined; fileEncoding = 4; includeInIndex = 0; lastKnownFileType = sourcecode.c.objc; name = CDVLocalFilesystem.m; path = "cordova-plugin-file/CDVLocalFilesystem.m"; sourceTree = "<group>"; };
		B4F1820D686F457EA844112A /* CDVInAppBrowserOptions.h */ = {isa = PBXFileReference; explicitFileType = undefined; fileEncoding = 4; includeInIndex = 0; lastKnownFileType = sourcecode.c.h; name = CDVInAppBrowserOptions.h; path = "cordova-plugin-inappbrowser/CDVInAppBrowserOptions.h"; sourceTree = "<group>"; };
		B62376715D414F8FA9CE11AA /* CDVWKInAppBrowser.h */ = {isa = PBXFileReference; explicitFileType = undefined; fileEncoding = 4; includeInIndex = 0; lastKnownFileType = sourcecode.c.h; name = CDVWKInAppBrowser.h; path = "cordova-plugin-inappbrowser/CDVWKInAppBrowser.h"; sourceTree = "<group>"; };
		B669BE39375B4041B583AB34 /* UNUserNotificationCenter+APPLocalNotification.m */ = {isa = PBXFileReference; explicitFileType = undefined; fileEncoding = 4; includeInIndex = 0; lastKnownFileType = sourcecode.c.objc; name = "UNUserNotificationCenter+APPLocalNotification.m"; path = "cordova-plugin-local-notification/UNUserNotificationCenter+APPLocalNotification.m"; sourceTree = "<group>"; };
		B70F667956764075A8C479D1 /* GCDWebServerStreamedResponse.m */ = {isa = PBXFileReference; explicitFileType = undefined; fileEncoding = 4; includeInIndex = 0; lastKnownFileType = sourcecode.c.objc; name = GCDWebServerStreamedResponse.m; path = "cordova-plugin-ionic-webview/GCDWebServerStreamedResponse.m"; sourceTree = "<group>"; };
		B86A1D79207448D9889737E5 /* CoreLocation.framework */ = {isa = PBXFileReference; explicitFileType = undefined; fileEncoding = 9; includeInIndex = 0; lastKnownFileType = wrapper.framework; name = CoreLocation.framework; path = System/Library/Frameworks/CoreLocation.framework; sourceTree = SDKROOT; };
		BDE3DCF0DC8B40489F69E90A /* GCDWebServerFileRequest.m */ = {isa = PBXFileReference; explicitFileType = undefined; fileEncoding = 4; includeInIndex = 0; lastKnownFileType = sourcecode.c.objc; name = GCDWebServerFileRequest.m; path = "cordova-plugin-ionic-webview/GCDWebServerFileRequest.m"; sourceTree = "<group>"; };
		C007459F88FA4806A784D1AE /* WebKit.framework */ = {isa = PBXFileReference; explicitFileType = undefined; fileEncoding = 9; includeInIndex = 0; lastKnownFileType = wrapper.framework; name = WebKit.framework; path = System/Library/Frameworks/WebKit.framework; sourceTree = SDKROOT; };
		C261C815FF874EC3BF39D4A8 /* GCDWebServerResponse.h */ = {isa = PBXFileReference; explicitFileType = undefined; fileEncoding = 4; includeInIndex = 0; lastKnownFileType = sourcecode.c.h; name = GCDWebServerResponse.h; path = "cordova-plugin-ionic-webview/GCDWebServerResponse.h"; sourceTree = "<group>"; };
		C445F57DFB764F789C2B9E25 /* Diagnostic_Microphone.h */ = {isa = PBXFileReference; explicitFileType = undefined; fileEncoding = 4; includeInIndex = 0; lastKnownFileType = sourcecode.c.h; name = Diagnostic_Microphone.h; path = cordova.plugins.diagnostic/Diagnostic_Microphone.h; sourceTree = "<group>"; };
		C52A61A3F44E4DD9BA323C6F /* GCDWebServerHTTPStatusCodes.h */ = {isa = PBXFileReference; explicitFileType = undefined; fileEncoding = 4; includeInIndex = 0; lastKnownFileType = sourcecode.c.h; name = GCDWebServerHTTPStatusCodes.h; path = "cordova-plugin-ionic-webview/GCDWebServerHTTPStatusCodes.h"; sourceTree = "<group>"; };
		C7A2E9BA01524CA387AAE618 /* Diagnostic_Microphone.m */ = {isa = PBXFileReference; explicitFileType = undefined; fileEncoding = 4; includeInIndex = 0; lastKnownFileType = sourcecode.c.objc; name = Diagnostic_Microphone.m; path = cordova.plugins.diagnostic/Diagnostic_Microphone.m; sourceTree = "<group>"; };
		CD0E6DF1F61342238216401A /* Diagnostic_Calendar.h */ = {isa = PBXFileReference; explicitFileType = undefined; fileEncoding = 4; includeInIndex = 0; lastKnownFileType = sourcecode.c.h; name = Diagnostic_Calendar.h; path = cordova.plugins.diagnostic/Diagnostic_Calendar.h; sourceTree = "<group>"; };
		D32FA65733234461BB6B21CF /* GCDWebServerFunctions.m */ = {isa = PBXFileReference; explicitFileType = undefined; fileEncoding = 4; includeInIndex = 0; lastKnownFileType = sourcecode.c.objc; name = GCDWebServerFunctions.m; path = "cordova-plugin-ionic-webview/GCDWebServerFunctions.m"; sourceTree = "<group>"; };
		D3B95994FDA14D748C5E874C /* Diagnostic_Camera.m */ = {isa = PBXFileReference; explicitFileType = undefined; fileEncoding = 4; includeInIndex = 0; lastKnownFileType = sourcecode.c.objc; name = Diagnostic_Camera.m; path = cordova.plugins.diagnostic/Diagnostic_Camera.m; sourceTree = "<group>"; };
		D3F2DE8B04B945908DB47F21 /* UNUserNotificationCenter+APPLocalNotification.h */ = {isa = PBXFileReference; explicitFileType = undefined; fileEncoding = 4; includeInIndex = 0; lastKnownFileType = sourcecode.c.h; name = "UNUserNotificationCenter+APPLocalNotification.h"; path = "cordova-plugin-local-notification/UNUserNotificationCenter+APPLocalNotification.h"; sourceTree = "<group>"; };
		DA3F337D6C8544AAA1466A47 /* GCDWebServer.m */ = {isa = PBXFileReference; explicitFileType = undefined; fileEncoding = 4; includeInIndex = 0; lastKnownFileType = sourcecode.c.objc; name = GCDWebServer.m; path = "cordova-plugin-ionic-webview/GCDWebServer.m"; sourceTree = "<group>"; };
		DF3E85C229DE48159041188D /* CDVSplashScreen.m */ = {isa = PBXFileReference; explicitFileType = undefined; fileEncoding = 4; includeInIndex = 0; lastKnownFileType = sourcecode.c.objc; name = CDVSplashScreen.m; path = "cordova-plugin-splashscreen/CDVSplashScreen.m"; sourceTree = "<group>"; };
		E3D7CE21C0714F81B795CC86 /* CDVDevice.m */ = {isa = PBXFileReference; explicitFileType = undefined; fileEncoding = 4; includeInIndex = 0; lastKnownFileType = sourcecode.c.objc; name = CDVDevice.m; path = "cordova-plugin-device/CDVDevice.m"; sourceTree = "<group>"; };
		E56E653B1E6A4B428F0F166E /* CDVLocalFilesystem.h */ = {isa = PBXFileReference; explicitFileType = undefined; fileEncoding = 4; includeInIndex = 0; lastKnownFileType = sourcecode.c.h; name = CDVLocalFilesystem.h; path = "cordova-plugin-file/CDVLocalFilesystem.h"; sourceTree = "<group>"; };
		E6CCDFBB059E40359B42DB65 /* Diagnostic_Motion.m */ = {isa = PBXFileReference; explicitFileType = undefined; fileEncoding = 4; includeInIndex = 0; lastKnownFileType = sourcecode.c.objc; name = Diagnostic_Motion.m; path = cordova.plugins.diagnostic/Diagnostic_Motion.m; sourceTree = "<group>"; };
		E7FC3F9C7D1D4070928A5E4E /* PhotoViewer.m */ = {isa = PBXFileReference; explicitFileType = undefined; fileEncoding = 4; includeInIndex = 0; lastKnownFileType = sourcecode.c.objc; name = PhotoViewer.m; path = "com-sarriaroman-photoviewer/PhotoViewer.m"; sourceTree = "<group>"; };
		EA5B512E619A4D8AA5586785 /* APPMethodMagic.m */ = {isa = PBXFileReference; explicitFileType = undefined; fileEncoding = 4; includeInIndex = 0; lastKnownFileType = sourcecode.c.objc; name = APPMethodMagic.m; path = "cordova-plugin-background-mode/APPMethodMagic.m"; sourceTree = "<group>"; };
		EB13791147EC4A44AF283310 /* CDVInAppBrowserNavigationController.h */ = {isa = PBXFileReference; explicitFileType = undefined; fileEncoding = 4; includeInIndex = 0; lastKnownFileType = sourcecode.c.h; name = CDVInAppBrowserNavigationController.h; path = "cordova-plugin-inappbrowser/CDVInAppBrowserNavigationController.h"; sourceTree = "<group>"; };
		EB87FDF31871DA8E0020F90C /* www */ = {isa = PBXFileReference; lastKnownFileType = folder; name = www; path = ../../www; sourceTree = "<group>"; };
		EB87FDF41871DAF40020F90C /* config.xml */ = {isa = PBXFileReference; lastKnownFileType = text.xml; name = config.xml; path = ../../config.xml; sourceTree = "<group>"; };
		ECAEF423DA86468E849AF3B3 /* UNNotificationRequest+APPLocalNotification.m */ = {isa = PBXFileReference; explicitFileType = undefined; fileEncoding = 4; includeInIndex = 0; lastKnownFileType = sourcecode.c.objc; name = "UNNotificationRequest+APPLocalNotification.m"; path = "cordova-plugin-local-notification/UNNotificationRequest+APPLocalNotification.m"; sourceTree = "<group>"; };
		ED27E0EBB48B4F818D6A1353 /* CDVWKInAppBrowserUIDelegate.m */ = {isa = PBXFileReference; explicitFileType = undefined; fileEncoding = 4; includeInIndex = 0; lastKnownFileType = sourcecode.c.objc; name = CDVWKInAppBrowserUIDelegate.m; path = "cordova-plugin-inappbrowser/CDVWKInAppBrowserUIDelegate.m"; sourceTree = "<group>"; };
		ED33DF2A687741AEAF9F8254 /* Bridging-Header.h */ = {isa = PBXFileReference; fileEncoding = 4; lastKnownFileType = sourcecode.c.h; path = "Bridging-Header.h"; sourceTree = "<group>"; };
		EE5E47A8D12A45A5A701921A /* CDVFile.m */ = {isa = PBXFileReference; explicitFileType = undefined; fileEncoding = 4; includeInIndex = 0; lastKnownFileType = sourcecode.c.objc; name = CDVFile.m; path = "cordova-plugin-file/CDVFile.m"; sourceTree = "<group>"; };
		F1D3A5FC6F144FA2BD9B139C /* Diagnostic_Calendar.m */ = {isa = PBXFileReference; explicitFileType = undefined; fileEncoding = 4; includeInIndex = 0; lastKnownFileType = sourcecode.c.objc; name = Diagnostic_Calendar.m; path = cordova.plugins.diagnostic/Diagnostic_Calendar.m; sourceTree = "<group>"; };
		F2896B60EBEC41DBB2CD22D6 /* CDVWKProcessPoolFactory.m */ = {isa = PBXFileReference; explicitFileType = undefined; fileEncoding = 4; includeInIndex = 0; lastKnownFileType = sourcecode.c.objc; name = CDVWKProcessPoolFactory.m; path = "cordova-plugin-ionic-webview/CDVWKProcessPoolFactory.m"; sourceTree = "<group>"; };
		F840E1F0165FE0F500CFE078 /* config.xml */ = {isa = PBXFileReference; lastKnownFileType = text.xml; name = config.xml; path = "App PPA/config.xml"; sourceTree = "<group>"; };
		F8434D41E57D487F9B57EA15 /* GCDWebServerDataRequest.h */ = {isa = PBXFileReference; explicitFileType = undefined; fileEncoding = 4; includeInIndex = 0; lastKnownFileType = sourcecode.c.h; name = GCDWebServerDataRequest.h; path = "cordova-plugin-ionic-webview/GCDWebServerDataRequest.h"; sourceTree = "<group>"; };
		F916C1AB70CA4714914E44D4 /* APPBadge.h */ = {isa = PBXFileReference; explicitFileType = undefined; fileEncoding = 4; includeInIndex = 0; lastKnownFileType = sourcecode.c.h; name = APPBadge.h; path = "cordova-plugin-badge/APPBadge.h"; sourceTree = "<group>"; };
		F92ADC0C32A547BD95652609 /* Photos.framework */ = {isa = PBXFileReference; explicitFileType = undefined; fileEncoding = 9; includeInIndex = 0; lastKnownFileType = wrapper.framework; name = Photos.framework; path = System/Library/Frameworks/Photos.framework; sourceTree = SDKROOT; };
		FA3382C1B8A14D62998F881F /* UNNotificationRequest+APPLocalNotification.h */ = {isa = PBXFileReference; explicitFileType = undefined; fileEncoding = 4; includeInIndex = 0; lastKnownFileType = sourcecode.c.h; name = "UNNotificationRequest+APPLocalNotification.h"; path = "cordova-plugin-local-notification/UNNotificationRequest+APPLocalNotification.h"; sourceTree = "<group>"; };
		FD60B476CDF34922B3281D68 /* APPNotificationOptions.h */ = {isa = PBXFileReference; explicitFileType = undefined; fileEncoding = 4; includeInIndex = 0; lastKnownFileType = sourcecode.c.h; name = APPNotificationOptions.h; path = "cordova-plugin-local-notification/APPNotificationOptions.h"; sourceTree = "<group>"; };
		FD77EFEC07874058ADAC86DF /* AVFoundation.framework */ = {isa = PBXFileReference; explicitFileType = undefined; fileEncoding = 9; includeInIndex = 0; lastKnownFileType = wrapper.framework; name = AVFoundation.framework; path = System/Library/Frameworks/AVFoundation.framework; sourceTree = SDKROOT; };
		FE0914278BB24B9E9C3F6C1C /* Diagnostic_Contacts.h */ = {isa = PBXFileReference; explicitFileType = undefined; fileEncoding = 4; includeInIndex = 0; lastKnownFileType = sourcecode.c.h; name = Diagnostic_Contacts.h; path = cordova.plugins.diagnostic/Diagnostic_Contacts.h; sourceTree = "<group>"; };
/* End PBXFileReference section */

/* Begin PBXFrameworksBuildPhase section */
		1D60588F0D05DD3D006BFB54 /* Frameworks */ = {
			isa = PBXFrameworksBuildPhase;
			buildActionMask = 2147483647;
			files = (
				301BF552109A68D80062928A /* libCordova.a in Frameworks */,
				F1031D7C8AE148BAAA26B73A /* WebKit.framework in Frameworks */,
				2F835D801DC24AD1BF5D39FB /* libz.tbd in Frameworks */,
				3A921674B36B402CAD70DFFC /* UserNotifications.framework in Frameworks */,
				BBE81297ADFA4D64BFB08729 /* MediaPlayer.framework in Frameworks */,
				BBC65C4AC53F4672956C9C49 /* AVFoundation.framework in Frameworks */,
				2FE9E1B7944A4E0BA62325A3 /* JavaScriptCore.framework in Frameworks */,
				A5F7FB333789478AB7BB2374 /* CoreLocation.framework in Frameworks */,
				D6EAC88EE63143C387B72F55 /* CoreBluetooth.framework in Frameworks */,
				6972AEBBC9674D5C8DE19A2C /* Photos.framework in Frameworks */,
				1F243F6DB3A9410280329333 /* Contacts.framework in Frameworks */,
				ABBBF6F67D6F4B3097A7F797 /* AddressBook.framework in Frameworks */,
				F81729FC0B4A44D1914249FE /* EventKit.framework in Frameworks */,
				8D4E2D0F6F264C25BBBC89D0 /* CoreMotion.framework in Frameworks */,
			);
			runOnlyForDeploymentPostprocessing = 0;
		};
/* End PBXFrameworksBuildPhase section */

/* Begin PBXGroup section */
		080E96DDFE201D6D7F000001 /* Classes */ = {
			isa = PBXGroup;
			children = (
				302D95EE14D2391D003F00A1 /* MainViewController.h */,
				302D95EF14D2391D003F00A1 /* MainViewController.m */,
				302D95F014D2391D003F00A1 /* MainViewController.xib */,
				1D3623240D0F684500981E51 /* AppDelegate.h */,
				1D3623250D0F684500981E51 /* AppDelegate.m */,
			);
			name = Classes;
			path = "App PPA/Classes";
			sourceTree = SOURCE_ROOT;
		};
		19C28FACFE9D520D11CA2CBB /* Products */ = {
			isa = PBXGroup;
			children = (
				1D6058910D05DD3D006BFB54 /* App PPA.app */,
			);
			name = Products;
			sourceTree = "<group>";
		};
		29B97314FDCFA39411CA2CEA /* CustomTemplate */ = {
			isa = PBXGroup;
			children = (
				EB87FDF41871DAF40020F90C /* config.xml */,
				EB87FDF31871DA8E0020F90C /* www */,
				EB87FDF11871DA420020F90C /* Staging */,
				301BF52D109A57CC0062928A /* CordovaLib/CordovaLib.xcodeproj */,
				080E96DDFE201D6D7F000001 /* Classes */,
				307C750510C5A3420062BCA9 /* Plugins */,
				29B97315FDCFA39411CA2CEA /* Other Sources */,
				29B97317FDCFA39411CA2CEA /* Resources */,
				29B97323FDCFA39411CA2CEA /* Frameworks */,
				19C28FACFE9D520D11CA2CBB /* Products */,
			);
			name = CustomTemplate;
			sourceTree = "<group>";
		};
		29B97315FDCFA39411CA2CEA /* Other Sources */ = {
			isa = PBXGroup;
			children = (
				32CA4F630368D1EE00C91783 /* App PPA-Prefix.pch */,
				29B97316FDCFA39411CA2CEA /* main.m */,
				ED33DF2A687741AEAF9F8254 /* Bridging-Header.h */,
			);
			name = "Other Sources";
			path = "App PPA";
			sourceTree = "<group>";
		};
		29B97317FDCFA39411CA2CEA /* Resources */ = {
			isa = PBXGroup;
			children = (
				0207DA571B56EA530066E2B4 /* Images.xcassets */,
				3047A50E1AB8057F00498E2A /* config */,
				8D1107310486CEB800E47090 /* App PPA-Info.plist */,
				6AFF5BF81D6E424B00AB3073 /* CDVLaunchScreen.storyboard */,
				06BEE5499B094C5B872EBD7C /* appbeep.wav */,
			);
			name = Resources;
			path = "App PPA/Resources";
			sourceTree = "<group>";
		};
		29B97323FDCFA39411CA2CEA /* Frameworks */ = {
			isa = PBXGroup;
			children = (
				C007459F88FA4806A784D1AE /* WebKit.framework */,
				4E0A18D460A5425688ED85C5 /* libz.tbd */,
				1A718F838200462F802E127D /* UserNotifications.framework */,
				44DB071249BE43CF9B2ACAD1 /* MediaPlayer.framework */,
				FD77EFEC07874058ADAC86DF /* AVFoundation.framework */,
				6BF7AAD4831B479596BDFCE0 /* JavaScriptCore.framework */,
				B86A1D79207448D9889737E5 /* CoreLocation.framework */,
				8C9E4649BB394FEB94F1BD53 /* CoreBluetooth.framework */,
				F92ADC0C32A547BD95652609 /* Photos.framework */,
				0BD5F087319C4516AC7F9554 /* Contacts.framework */,
				1FA0D5CB32224B2E8FD683EA /* AddressBook.framework */,
				228D14F02794441B8EBB3206 /* EventKit.framework */,
				546FEFB51CFB48AE905911A8 /* CoreMotion.framework */,
			);
			name = Frameworks;
			sourceTree = "<group>";
		};
		301BF52E109A57CC0062928A /* Products */ = {
			isa = PBXGroup;
			children = (
				301BF535109A57CC0062928A /* libCordova.a */,
				4964A8B0235A24880011344E /* Cordova.framework */,
			);
			name = Products;
			sourceTree = "<group>";
		};
		3047A50E1AB8057F00498E2A /* config */ = {
			isa = PBXGroup;
			children = (
				3047A50F1AB8059700498E2A /* build-debug.xcconfig */,
				3047A5101AB8059700498E2A /* build-release.xcconfig */,
				3047A5111AB8059700498E2A /* build.xcconfig */,
			);
			name = config;
			sourceTree = "<group>";
		};
		307C750510C5A3420062BCA9 /* Plugins */ = {
			isa = PBXGroup;
			children = (
				E7FC3F9C7D1D4070928A5E4E /* PhotoViewer.m */,
				E3D7CE21C0714F81B795CC86 /* CDVDevice.m */,
				9ADD185223B04BD8AB681B47 /* CDVDevice.h */,
				0658FD3947B2424E898A5A5C /* APPBackgroundMode.m */,
				EA5B512E619A4D8AA5586785 /* APPMethodMagic.m */,
				4817698602D34067A002EA7E /* APPBackgroundMode.h */,
				322712B03B824EDCAF830354 /* APPMethodMagic.h */,
				0308C4E8B80B45F291FA83CF /* APPBadge.m */,
				F916C1AB70CA4714914E44D4 /* APPBadge.h */,
				EE5E47A8D12A45A5A701921A /* CDVFile.m */,
				B3B0F1C0C36C424FB4F762CA /* CDVLocalFilesystem.m */,
				7C11D7F89CFC4EE6A9D30D09 /* CDVAssetLibraryFilesystem.m */,
				7F9CD926DA384E42822887BE /* CDVFile.h */,
				E56E653B1E6A4B428F0F166E /* CDVLocalFilesystem.h */,
				12476D57D08D4578B4660B11 /* CDVAssetLibraryFilesystem.h */,
				58349F0D919449BCBDB70F08 /* CDVInAppBrowser.m */,
				73DCA86EAE1C4F88B788A8AB /* CDVInAppBrowserOptions.m */,
				4BAE9F4EB2E248AD990971EF /* CDVInAppBrowserNavigationController.m */,
				6DC1B60371254FC9848FE70F /* CDVUIInAppBrowser.m */,
				1538058E43C04DFEBC4599C8 /* CDVWKInAppBrowser.m */,
				ED27E0EBB48B4F818D6A1353 /* CDVWKInAppBrowserUIDelegate.m */,
				8C86FC03C9384AACB9EEF4E2 /* CDVInAppBrowser.h */,
				B4F1820D686F457EA844112A /* CDVInAppBrowserOptions.h */,
				EB13791147EC4A44AF283310 /* CDVInAppBrowserNavigationController.h */,
				19F472787A3F426EB155F3F7 /* CDVUIInAppBrowser.h */,
				B62376715D414F8FA9CE11AA /* CDVWKInAppBrowser.h */,
				ABEAA74845044551A133ACE3 /* CDVWKInAppBrowserUIDelegate.h */,
				9C5E7C28D6704AFD899FDD9F /* CDVWKWebViewEngine.m */,
				10F6BBF9761044F8B5DF76CD /* CDVWKWebViewUIDelegate.m */,
				F2896B60EBEC41DBB2CD22D6 /* CDVWKProcessPoolFactory.m */,
				DA3F337D6C8544AAA1466A47 /* GCDWebServer.m */,
				7B43CC9AC1DA4F3D9641EF37 /* GCDWebServerConnection.m */,
				D32FA65733234461BB6B21CF /* GCDWebServerFunctions.m */,
				A80AABB2D4174840935E3894 /* GCDWebServerRequest.m */,
				832CA260AF864FE8A5D58B78 /* GCDWebServerResponse.m */,
				01D8693F7F274B60A43654F8 /* GCDWebServerDataRequest.m */,
				BDE3DCF0DC8B40489F69E90A /* GCDWebServerFileRequest.m */,
				2F6D7CB2EE5B4B9CB93DDADB /* GCDWebServerMultiPartFormRequest.m */,
				132CD2201C594449AB967C6B /* GCDWebServerURLEncodedFormRequest.m */,
				31D690FFE881469C83E4D272 /* GCDWebServerDataResponse.m */,
				9EBBAB16E95046C589CB6459 /* GCDWebServerErrorResponse.m */,
				1D4EEA5804A74953B8AD0CFC /* GCDWebServerFileResponse.m */,
				B70F667956764075A8C479D1 /* GCDWebServerStreamedResponse.m */,
				7CA59B6F6A554C95A530F68F /* CDVWKWebViewEngine.h */,
				998C335CBF244CF487DCEB67 /* CDVWKWebViewUIDelegate.h */,
				20759F6E426346E4B891B275 /* CDVWKProcessPoolFactory.h */,
				A94B30D0F71649C6B6E1EA6F /* GCDWebServer.h */,
				4D5DE58011B84555A14EB4F1 /* GCDWebServerConnection.h */,
				7260CAEF7BF94AF79B175C3D /* GCDWebServerFunctions.h */,
				C52A61A3F44E4DD9BA323C6F /* GCDWebServerHTTPStatusCodes.h */,
				26287A35F1FC444391330CA7 /* GCDWebServerPrivate.h */,
				035D07F0A917457D81B0150A /* GCDWebServerRequest.h */,
				C261C815FF874EC3BF39D4A8 /* GCDWebServerResponse.h */,
				F8434D41E57D487F9B57EA15 /* GCDWebServerDataRequest.h */,
				5EEE3CC2699741CEB3C756A4 /* GCDWebServerFileRequest.h */,
				95424EB8A367436590ABCD6A /* GCDWebServerMultiPartFormRequest.h */,
				A9D2B85FCF03496BB2AF96EC /* GCDWebServerURLEncodedFormRequest.h */,
				94FC40EB31E34AA6952C6447 /* GCDWebServerDataResponse.h */,
				5EA8E5313C864E739388BA1A /* GCDWebServerErrorResponse.h */,
				3B5DBC5ACD5145A1BA98DCDD /* GCDWebServerFileResponse.h */,
				8460875937184CB1A33E6DBA /* GCDWebServerStreamedResponse.h */,
				53EE4CB0BB1343EAA8837A6C /* APPLocalNotification.m */,
				4822996C3EFC4157800E80E9 /* APPNotificationContent.m */,
				7DA84A396C204313BF3CCD90 /* APPNotificationOptions.m */,
				B669BE39375B4041B583AB34 /* UNUserNotificationCenter+APPLocalNotification.m */,
				ECAEF423DA86468E849AF3B3 /* UNNotificationRequest+APPLocalNotification.m */,
				1096DA710A5D4DA8B2B339C8 /* APPLocalNotification.h */,
				A25645D868164E1BA41835D1 /* APPNotificationContent.h */,
				FD60B476CDF34922B3281D68 /* APPNotificationOptions.h */,
				D3F2DE8B04B945908DB47F21 /* UNUserNotificationCenter+APPLocalNotification.h */,
				FA3382C1B8A14D62998F881F /* UNNotificationRequest+APPLocalNotification.h */,
				DF3E85C229DE48159041188D /* CDVSplashScreen.m */,
				4F4FEBCE49D94460ADB890FA /* CDVViewController+SplashScreen.m */,
				1B64C7BFF3A747BEB736AE42 /* CDVSplashScreen.h */,
				06C70577492847B9B30B229E /* CDVViewController+SplashScreen.h */,
				AA08E1648DC34AACA0F7EDB1 /* CDVStatusBar.m */,
				2609137A82604A2EB2A98EB2 /* CDVStatusBar.h */,
				69B8DE7F15564A5A9A6B370B /* Diagnostic.m */,
				0380B7358B034E628CA80223 /* Diagnostic_Location.m */,
				42A4CE53DD2E46C0A90F4196 /* Diagnostic_Bluetooth.m */,
				57D2E0AC6EF14D04B22E4E8E /* Diagnostic_Wifi.m */,
				D3B95994FDA14D748C5E874C /* Diagnostic_Camera.m */,
				2D335C525E0A44CBA4DAD43F /* Diagnostic_Notifications.m */,
				C7A2E9BA01524CA387AAE618 /* Diagnostic_Microphone.m */,
				76262A29B16E450EAAEA62FC /* Diagnostic_Contacts.m */,
				F1D3A5FC6F144FA2BD9B139C /* Diagnostic_Calendar.m */,
				7E4F2C933FF14EB881701236 /* Diagnostic_Reminders.m */,
				E6CCDFBB059E40359B42DB65 /* Diagnostic_Motion.m */,
				449701E1C6B949AFA1E3F459 /* Diagnostic.h */,
				7D1A0A2B40D54DE28A051665 /* Diagnostic_Location.h */,
				687245163B6443F88017B046 /* Diagnostic_Bluetooth.h */,
				552A2DCA671B4568817CBA42 /* Diagnostic_Wifi.h */,
				4D8234CD01DC4203BA39E640 /* Diagnostic_Camera.h */,
				9F72EDE242354E93BB31AC6A /* Diagnostic_Notifications.h */,
				C445F57DFB764F789C2B9E25 /* Diagnostic_Microphone.h */,
				FE0914278BB24B9E9C3F6C1C /* Diagnostic_Contacts.h */,
				CD0E6DF1F61342238216401A /* Diagnostic_Calendar.h */,
				4E812C9085464B009631562A /* Diagnostic_Reminders.h */,
				9D22266EA87E4FBBA13DDDD2 /* Diagnostic_Motion.h */,
				19428EAB8424435EAC5E1B8D /* CDVLocation.m */,
				AC86B13A17714974A9AA5344 /* CDVLocation.h */,
			);
			name = Plugins;
			path = "App PPA/Plugins";
			sourceTree = SOURCE_ROOT;
		};
		EB87FDF11871DA420020F90C /* Staging */ = {
			isa = PBXGroup;
			children = (
				F840E1F0165FE0F500CFE078 /* config.xml */,
				301BF56E109A69640062928A /* www */,
			);
			name = Staging;
			sourceTree = "<group>";
		};
/* End PBXGroup section */

/* Begin PBXNativeTarget section */
		1D6058900D05DD3D006BFB54 /* App PPA */ = {
			isa = PBXNativeTarget;
			buildConfigurationList = 1D6058960D05DD3E006BFB54 /* Build configuration list for PBXNativeTarget "App PPA" */;
			buildPhases = (
				304B58A110DAC018002A0835 /* Copy www directory */,
				1D60588D0D05DD3D006BFB54 /* Resources */,
				1D60588E0D05DD3D006BFB54 /* Sources */,
				1D60588F0D05DD3D006BFB54 /* Frameworks */,
			);
			buildRules = (
			);
			dependencies = (
				301BF551109A68C00062928A /* PBXTargetDependency */,
			);
			name = "App PPA";
			productName = "App PPA";
			productReference = 1D6058910D05DD3D006BFB54 /* App PPA.app */;
			productType = "com.apple.product-type.application";
		};
/* End PBXNativeTarget section */

/* Begin PBXProject section */
		29B97313FDCFA39411CA2CEA /* Project object */ = {
			isa = PBXProject;
			attributes = {
				LastUpgradeCheck = 510;
				TargetAttributes = {
					1D6058900D05DD3D006BFB54 = {
						DevelopmentTeam = 3835UJWT5S;
					};
				};
			};
			buildConfigurationList = C01FCF4E08A954540054247B /* Build configuration list for PBXProject "App PPA" */;
			compatibilityVersion = "Xcode 3.2";
			developmentRegion = English;
			hasScannedForEncodings = 1;
			knownRegions = (
				English,
				en,
			);
			mainGroup = 29B97314FDCFA39411CA2CEA /* CustomTemplate */;
			projectDirPath = "";
			projectReferences = (
				{
					ProductGroup = 301BF52E109A57CC0062928A /* Products */;
					ProjectRef = 301BF52D109A57CC0062928A /* CordovaLib/CordovaLib.xcodeproj */;
				},
			);
			projectRoot = "";
			targets = (
				1D6058900D05DD3D006BFB54 /* App PPA */,
			);
		};
/* End PBXProject section */

/* Begin PBXReferenceProxy section */
		301BF535109A57CC0062928A /* libCordova.a */ = {
			isa = PBXReferenceProxy;
			fileType = archive.ar;
			path = libCordova.a;
			remoteRef = 301BF534109A57CC0062928A /* PBXContainerItemProxy */;
			sourceTree = BUILT_PRODUCTS_DIR;
		};
		4964A8B0235A24880011344E /* Cordova.framework */ = {
			isa = PBXReferenceProxy;
			fileType = wrapper.framework;
			path = Cordova.framework;
			remoteRef = 4964A8AF235A24880011344E /* PBXContainerItemProxy */;
			sourceTree = BUILT_PRODUCTS_DIR;
		};
/* End PBXReferenceProxy section */

/* Begin PBXResourcesBuildPhase section */
		1D60588D0D05DD3D006BFB54 /* Resources */ = {
			isa = PBXResourcesBuildPhase;
			buildActionMask = 2147483647;
			files = (
				302D95F214D2391D003F00A1 /* MainViewController.xib in Resources */,
				0207DA581B56EA530066E2B4 /* Images.xcassets in Resources */,
				6AFF5BF91D6E424B00AB3073 /* CDVLaunchScreen.storyboard in Resources */,
				2C64D9DCC74C42B28804E997 /* appbeep.wav in Resources */,
			);
			runOnlyForDeploymentPostprocessing = 0;
		};
/* End PBXResourcesBuildPhase section */

/* Begin PBXShellScriptBuildPhase section */
		304B58A110DAC018002A0835 /* Copy www directory */ = {
			isa = PBXShellScriptBuildPhase;
			buildActionMask = 2147483647;
			files = (
			);
			inputPaths = (
			);
			name = "Copy www directory";
			outputPaths = (
			);
			runOnlyForDeploymentPostprocessing = 0;
			shellPath = /bin/sh;
			shellScript = "NODEJS_PATH=/usr/local/bin; NVM_NODE_PATH=~/.nvm/versions/node/`nvm version 2>/dev/null`/bin; N_NODE_PATH=`find /usr/local/n/versions/node/* -maxdepth 0 -type d 2>/dev/null | tail -1`/bin; XCODE_NODE_PATH=`xcode-select --print-path`/usr/share/xcs/Node/bin; PATH=$NODEJS_PATH:$NVM_NODE_PATH:$N_NODE_PATH:$XCODE_NODE_PATH:$PATH && node cordova/lib/copy-www-build-step.js";
			showEnvVarsInLog = 0;
		};
/* End PBXShellScriptBuildPhase section */

/* Begin PBXSourcesBuildPhase section */
		1D60588E0D05DD3D006BFB54 /* Sources */ = {
			isa = PBXSourcesBuildPhase;
			buildActionMask = 2147483647;
			files = (
				1D60589B0D05DD56006BFB54 /* main.m in Sources */,
				1D3623260D0F684500981E51 /* AppDelegate.m in Sources */,
				302D95F114D2391D003F00A1 /* MainViewController.m in Sources */,
				E2E86F149A9447768B66D7D9 /* PhotoViewer.m in Sources */,
				AD35617434F145A8802C7D9D /* CDVDevice.m in Sources */,
				904DB15843DE4F9895B85E86 /* APPBackgroundMode.m in Sources */,
				99EEA6D02F94443CB76A93EC /* APPMethodMagic.m in Sources */,
				7904AE08188C48FD909FD269 /* APPBadge.m in Sources */,
				56F39EA70D3649C89D031E82 /* CDVFile.m in Sources */,
				48C3D39CBC644D7A805940BD /* CDVLocalFilesystem.m in Sources */,
				8EE0D8EFF2DC42BB95B72BCB /* CDVAssetLibraryFilesystem.m in Sources */,
				C10BAD3B02FF44B190050B23 /* CDVInAppBrowser.m in Sources */,
				9D1646BEE6C24794B016CDC1 /* CDVInAppBrowserOptions.m in Sources */,
				84B97DE2B26D40939BA6EFA3 /* CDVInAppBrowserNavigationController.m in Sources */,
				A47B4D6B71EF4ECBBCE76F30 /* CDVUIInAppBrowser.m in Sources */,
				FA9CB025418E489D877141F1 /* CDVWKInAppBrowser.m in Sources */,
				91CB749D543C4815B2E3CE0F /* CDVWKInAppBrowserUIDelegate.m in Sources */,
				D430D4A126FB40D296CC5D12 /* CDVWKWebViewEngine.m in Sources */,
				B1652CB1361341D28D0F058C /* CDVWKWebViewUIDelegate.m in Sources */,
				92A3CF6D1CEF442C8EC9B942 /* CDVWKProcessPoolFactory.m in Sources */,
				AFE368C03A1C4055AC8CCF93 /* GCDWebServer.m in Sources */,
				37BC0956E7564EF4A3BE03A7 /* GCDWebServerConnection.m in Sources */,
				A5378A0746804375AAA49BE9 /* GCDWebServerFunctions.m in Sources */,
				2356ABB4BC9C46D88E4E50F2 /* GCDWebServerRequest.m in Sources */,
				453D9FB4F4264044A980ECE9 /* GCDWebServerResponse.m in Sources */,
				37BDB06ABBB949C49CD3AAFE /* GCDWebServerDataRequest.m in Sources */,
				081C141A7D534D62ADC7E5A7 /* GCDWebServerFileRequest.m in Sources */,
				30B66C93DE2F47539161266C /* GCDWebServerMultiPartFormRequest.m in Sources */,
				D263B09F48A44B5C9B4EB03B /* GCDWebServerURLEncodedFormRequest.m in Sources */,
				2B734C9062FF42AEB3BB9A24 /* GCDWebServerDataResponse.m in Sources */,
				B852EA5980F4477B83C87449 /* GCDWebServerErrorResponse.m in Sources */,
				A42AD12EE171429487BA7B23 /* GCDWebServerFileResponse.m in Sources */,
				898EEA6399584C469FA9D87B /* GCDWebServerStreamedResponse.m in Sources */,
				1BEB9073DA6F4200B942B04C /* APPLocalNotification.m in Sources */,
				D1D4E5310189415A86436E94 /* APPNotificationContent.m in Sources */,
				D59C2475EEB84C82A104DAA0 /* APPNotificationOptions.m in Sources */,
				B80175EB3FC4400F9D0EEBCB /* UNUserNotificationCenter+APPLocalNotification.m in Sources */,
				BC3DFA646F9847F2BAAFEDEC /* UNNotificationRequest+APPLocalNotification.m in Sources */,
				12F4727D30B94BEF91DC4A55 /* CDVSplashScreen.m in Sources */,
				8553075678DB4CFAA3903E77 /* CDVViewController+SplashScreen.m in Sources */,
				C557D235875A4E6698AB9028 /* CDVStatusBar.m in Sources */,
				E364028713724C519D0845E0 /* Diagnostic.m in Sources */,
				92C816E8E9C34DD8AF2F55DF /* Diagnostic_Location.m in Sources */,
				8C70ABFF225147BCAD1AD47C /* Diagnostic_Bluetooth.m in Sources */,
				CB90F0D8B3CD4B7094ADF50E /* Diagnostic_Wifi.m in Sources */,
				845E8BED5F7641529DCAE08C /* Diagnostic_Camera.m in Sources */,
				C655B579C14245ECBED08AB3 /* Diagnostic_Notifications.m in Sources */,
				E9EC39D3D821473CBAA573C8 /* Diagnostic_Microphone.m in Sources */,
				85F542537D7B4EC69219AF2E /* Diagnostic_Contacts.m in Sources */,
				F646568071274AD086282136 /* Diagnostic_Calendar.m in Sources */,
				EEEE6F91DF69455CBD337B00 /* Diagnostic_Reminders.m in Sources */,
				8A9D385D6BDB4C079D4F4B1F /* Diagnostic_Motion.m in Sources */,
				DCE63EDAA9BA48EB923EF27D /* CDVLocation.m in Sources */,
			);
			runOnlyForDeploymentPostprocessing = 0;
		};
/* End PBXSourcesBuildPhase section */

/* Begin PBXTargetDependency section */
		301BF551109A68C00062928A /* PBXTargetDependency */ = {
			isa = PBXTargetDependency;
			name = CordovaLib;
			targetProxy = 301BF550109A68C00062928A /* PBXContainerItemProxy */;
		};
/* End PBXTargetDependency section */

/* Begin XCBuildConfiguration section */
		1D6058940D05DD3E006BFB54 /* Debug */ = {
			isa = XCBuildConfiguration;
			baseConfigurationReference = 3047A50F1AB8059700498E2A /* build-debug.xcconfig */;
			buildSettings = {
				ALWAYS_SEARCH_USER_PATHS = NO;
				ASSETCATALOG_COMPILER_APPICON_NAME = AppIcon;
				ASSETCATALOG_COMPILER_LAUNCHIMAGE_NAME = LaunchImage;
				CLANG_ENABLE_MODULES = YES;
				CLANG_ENABLE_OBJC_ARC = YES;
				CODE_SIGN_IDENTITY = "iPhone Developer";
				COPY_PHASE_STRIP = NO;
				DEVELOPMENT_TEAM = 3835UJWT5S;
				GCC_DYNAMIC_NO_PIC = NO;
				GCC_OPTIMIZATION_LEVEL = 0;
				GCC_PRECOMPILE_PREFIX_HEADER = YES;
				GCC_PREFIX_HEADER = "App PPA/App PPA-Prefix.pch";
				GCC_THUMB_SUPPORT = NO;
				GCC_VERSION = "";
				INFOPLIST_FILE = "App PPA/App PPA-Info.plist";
				IPHONEOS_DEPLOYMENT_TARGET = 9.0;
				LD_RUNPATH_SEARCH_PATHS = "@executable_path/Frameworks";
				PRODUCT_NAME = "App PPA";
				TARGETED_DEVICE_FAMILY = "1,2";
			};
			name = Debug;
		};
		1D6058950D05DD3E006BFB54 /* Release */ = {
			isa = XCBuildConfiguration;
			baseConfigurationReference = 3047A5101AB8059700498E2A /* build-release.xcconfig */;
			buildSettings = {
				ALWAYS_SEARCH_USER_PATHS = NO;
				ASSETCATALOG_COMPILER_APPICON_NAME = AppIcon;
				ASSETCATALOG_COMPILER_LAUNCHIMAGE_NAME = LaunchImage;
				CLANG_ENABLE_MODULES = YES;
				CLANG_ENABLE_OBJC_ARC = YES;
				CODE_SIGN_IDENTITY = "iPhone Developer";
				COPY_PHASE_STRIP = YES;
				DEVELOPMENT_TEAM = 3835UJWT5S;
				GCC_PRECOMPILE_PREFIX_HEADER = YES;
				GCC_PREFIX_HEADER = "App PPA/App PPA-Prefix.pch";
				GCC_THUMB_SUPPORT = NO;
				GCC_VERSION = "";
				INFOPLIST_FILE = "App PPA/App PPA-Info.plist";
				IPHONEOS_DEPLOYMENT_TARGET = 9.0;
				LD_RUNPATH_SEARCH_PATHS = "@executable_path/Frameworks";
				PRODUCT_NAME = "App PPA";
				TARGETED_DEVICE_FAMILY = "1,2";
			};
			name = Release;
		};
		C01FCF4F08A954540054247B /* Debug */ = {
			isa = XCBuildConfiguration;
			baseConfigurationReference = 3047A5111AB8059700498E2A /* build.xcconfig */;
			buildSettings = {
				ASSETCATALOG_COMPILER_LAUNCHIMAGE_NAME = LaunchImage;
				CLANG_ENABLE_MODULES = YES;
				CLANG_ENABLE_OBJC_ARC = YES;
				CLANG_WARN_BOOL_CONVERSION = YES;
				CLANG_WARN_CONSTANT_CONVERSION = YES;
				CLANG_WARN_EMPTY_BODY = YES;
				CLANG_WARN_ENUM_CONVERSION = YES;
				CLANG_WARN_INT_CONVERSION = YES;
				CLANG_WARN__DUPLICATE_METHOD_MATCH = YES;
				GCC_C_LANGUAGE_STANDARD = c99;
				GCC_THUMB_SUPPORT = NO;
				GCC_VERSION = "";
				GCC_WARN_ABOUT_RETURN_TYPE = YES;
				GCC_WARN_UNDECLARED_SELECTOR = YES;
				GCC_WARN_UNINITIALIZED_AUTOS = YES;
				GCC_WARN_UNUSED_FUNCTION = YES;
				GCC_WARN_UNUSED_VARIABLE = YES;
				ONLY_ACTIVE_ARCH = YES;
				SDKROOT = iphoneos;
				SKIP_INSTALL = NO;
			};
			name = Debug;
		};
		C01FCF5008A954540054247B /* Release */ = {
			isa = XCBuildConfiguration;
			baseConfigurationReference = 3047A5111AB8059700498E2A /* build.xcconfig */;
			buildSettings = {
				ASSETCATALOG_COMPILER_LAUNCHIMAGE_NAME = LaunchImage;
				CLANG_ENABLE_MODULES = YES;
				CLANG_ENABLE_OBJC_ARC = YES;
				CLANG_WARN_BOOL_CONVERSION = YES;
				CLANG_WARN_CONSTANT_CONVERSION = YES;
				CLANG_WARN_EMPTY_BODY = YES;
				CLANG_WARN_ENUM_CONVERSION = YES;
				CLANG_WARN_INT_CONVERSION = YES;
				CLANG_WARN__DUPLICATE_METHOD_MATCH = YES;
				GCC_C_LANGUAGE_STANDARD = c99;
				GCC_THUMB_SUPPORT = NO;
				GCC_VERSION = "";
				GCC_WARN_ABOUT_RETURN_TYPE = YES;
				GCC_WARN_UNDECLARED_SELECTOR = YES;
				GCC_WARN_UNINITIALIZED_AUTOS = YES;
				GCC_WARN_UNUSED_FUNCTION = YES;
				GCC_WARN_UNUSED_VARIABLE = YES;
				SDKROOT = iphoneos;
				SKIP_INSTALL = NO;
			};
			name = Release;
		};
/* End XCBuildConfiguration section */

/* Begin XCConfigurationList section */
		1D6058960D05DD3E006BFB54 /* Build configuration list for PBXNativeTarget "App PPA" */ = {
			isa = XCConfigurationList;
			buildConfigurations = (
				1D6058940D05DD3E006BFB54 /* Debug */,
				1D6058950D05DD3E006BFB54 /* Release */,
			);
			defaultConfigurationIsVisible = 0;
			defaultConfigurationName = Release;
		};
		C01FCF4E08A954540054247B /* Build configuration list for PBXProject "App PPA" */ = {
			isa = XCConfigurationList;
			buildConfigurations = (
				C01FCF4F08A954540054247B /* Debug */,
				C01FCF5008A954540054247B /* Release */,
			);
			defaultConfigurationIsVisible = 0;
			defaultConfigurationName = Release;
		};
/* End XCConfigurationList section */
	};
	rootObject = 29B97313FDCFA39411CA2CEA /* Project object */;
}
